{
  "name": "global_session",
  "version": "0.1.6",
  "lockfileVersion": 2,
  "requires": true,
  "packages": {
    "": {
      "name": "global_session",
      "version": "0.1.6",
      "license": "MIT",
      "dependencies": {
        "ftok": "^1.0.0",
        "message-relay-services": "^0.9.0",
        "shm-lru-cache": "^0.1.7"
      },
      "bin": {
        "global-sessions": "bin/index.js"
      }
    },
    "node_modules/ftok": {
      "version": "1.0.0",
      "resolved": "https://registry.npmjs.org/ftok/-/ftok-1.0.0.tgz",
      "integrity": "sha512-hxrvQ3AZHbRy9VF0bp6968Ajuj5IoR4rxOVz18X79Gl2lvM4TIsDCGorvkmok3L3016DfvX4Oj50raQdXRuO/A=="
    },
    "node_modules/message-relay-services": {
      "version": "0.9.0",
      "resolved": "https://registry.npmjs.org/message-relay-services/-/message-relay-services-0.9.0.tgz",
      "integrity": "sha512-HRnYis0Ct4Q1vC81qoF+b7ZuLiMYUkLyeTdXXPUYUwoVkmvzv3NgrI3IWYAV2oWBTttXVEruACcCLsdB6Ksq+A==",
      "funding": {
        "type": "GitHub Sponsors",
        "url": "https://github.com/sponsors/copious-world"
      }
    },
    "node_modules/nan": {
      "version": "2.16.0",
      "resolved": "https://registry.npmjs.org/nan/-/nan-2.16.0.tgz",
      "integrity": "sha512-UdAqHyFngu7TfQKsCBgAA6pWDkT8MAO7d0jyOecVhN5354xbLqdn8mV9Tat9gepAupm0bt2DbeaSC8vS52MuFA=="
    },
    "node_modules/shm-lru-cache": {
      "version": "0.1.7",
      "resolved": "https://registry.npmjs.org/shm-lru-cache/-/shm-lru-cache-0.1.7.tgz",
      "integrity": "sha512-Zyzl9SDauRp6pkhtes24hz2QXxK29rieCInHqz6HFd7ue7Z3IkYm9x+eHIc4JE6zys2hLweQ3Bb4kb28wunX8w==",
      "dependencies": {
        "ftok": "^1.0.0",
        "shm-typed-lru": "^0.1.7",
        "xxhash32-node-cmake": "^1.0.2"
      }
    },
    "node_modules/shm-typed-lru": {
      "version": "0.1.8",
      "resolved": "https://registry.npmjs.org/shm-typed-lru/-/shm-typed-lru-0.1.8.tgz",
      "integrity": "sha512-zeACjPI6iUn7BuTioibk69/KtOXcr2r+YhFHZfEbn1QLeVIUkd9fAAfspUUgeejTMaZenz61mPHmC/YzSRqpgQ==",
      "hasInstallScript": true,
      "os": [
        "!win32"
      ],
      "dependencies": {
        "nan": "^2.16.0"
      },
      "engines": {
        "node": ">=4.0.0"
      }
    },
    "node_modules/xxhash32-node-cmake": {
      "version": "1.0.2",
      "resolved": "https://registry.npmjs.org/xxhash32-node-cmake/-/xxhash32-node-cmake-1.0.2.tgz",
      "integrity": "sha512-orCFFgQOoToTF4qDQh1S1F7hfEi1hUHiKCnmfIJC8hkpjqBVBjPEuHK8do/QpmS480bKyBNUmk0q9UT2gCPZ2Q==",
      "hasInstallScript": true,
      "os": [
        "!win32"
      ],
      "dependencies": {
        "nan": "^2.16.0"
      },
      "engines": {
        "node": ">=4.0.0"
      },
      "funding": {
        "type": "GitHub Sponsors",
        "url": "https://github.com/sponsors/copious-world"
      }
    }
  },
  "dependencies": {
    "ftok": {
      "version": "1.0.0",
      "resolved": "https://registry.npmjs.org/ftok/-/ftok-1.0.0.tgz",
      "integrity": "sha512-hxrvQ3AZHbRy9VF0bp6968Ajuj5IoR4rxOVz18X79Gl2lvM4TIsDCGorvkmok3L3016DfvX4Oj50raQdXRuO/A=="
    },
    "message-relay-services": {
      "version": "0.9.0",
      "resolved": "https://registry.npmjs.org/message-relay-services/-/message-relay-services-0.9.0.tgz",
      "integrity": "sha512-HRnYis0Ct4Q1vC81qoF+b7ZuLiMYUkLyeTdXXPUYUwoVkmvzv3NgrI3IWYAV2oWBTttXVEruACcCLsdB6Ksq+A=="
    },
    "nan": {
      "version": "2.16.0",
      "resolved": "https://registry.npmjs.org/nan/-/nan-2.16.0.tgz",
      "integrity": "sha512-UdAqHyFngu7TfQKsCBgAA6pWDkT8MAO7d0jyOecVhN5354xbLqdn8mV9Tat9gepAupm0bt2DbeaSC8vS52MuFA=="
    },
    "shm-lru-cache": {
      "version": "0.1.7",
      "resolved": "https://registry.npmjs.org/shm-lru-cache/-/shm-lru-cache-0.1.7.tgz",
      "integrity": "sha512-Zyzl9SDauRp6pkhtes24hz2QXxK29rieCInHqz6HFd7ue7Z3IkYm9x+eHIc4JE6zys2hLweQ3Bb4kb28wunX8w==",
      "requires": {
        "ftok": "^1.0.0",
        "shm-typed-lru": "^0.1.7",
        "xxhash32-node-cmake": "^1.0.2"
      }
    },
    "shm-typed-lru": {
      "version": "0.1.8",
      "resolved": "https://registry.npmjs.org/shm-typed-lru/-/shm-typed-lru-0.1.8.tgz",
      "integrity": "sha512-zeACjPI6iUn7BuTioibk69/KtOXcr2r+YhFHZfEbn1QLeVIUkd9fAAfspUUgeejTMaZenz61mPHmC/YzSRqpgQ==",
      "requires": {
        "nan": "^2.16.0"
      }
    },
    "xxhash32-node-cmake": {
      "version": "1.0.2",
      "resolved": "https://registry.npmjs.org/xxhash32-node-cmake/-/xxhash32-node-cmake-1.0.2.tgz",
      "integrity": "sha512-orCFFgQOoToTF4qDQh1S1F7hfEi1hUHiKCnmfIJC8hkpjqBVBjPEuHK8do/QpmS480bKyBNUmk0q9UT2gCPZ2Q==",
      "requires": {
        "nan": "^2.16.0"
      }
    }
  }
}
