lockfileVersion: 5.4

specifiers:
  ftok: ^1.0.0
  message-relay-services: ^0.5.4
  shm-lru-cache: ^0.0.7

dependencies:
  ftok: 1.0.0
  message-relay-services: 0.5.4
  shm-lru-cache: 0.0.7

packages:

  /ftok/1.0.0:
    resolution: {integrity: sha512-hxrvQ3AZHbRy9VF0bp6968Ajuj5IoR4rxOVz18X79Gl2lvM4TIsDCGorvkmok3L3016DfvX4Oj50raQdXRuO/A==}
    dev: false

  /message-relay-services/0.5.4:
    resolution: {integrity: sha512-FxsdhXAlbpLyX5rxI06dzvR3+PkG+/MktKHIRE8M/+T4bsWYUQZbnYyIEJuZQVBfLqdCKcA852riZVDmcrHuyw==}
    dev: false

  /nan/2.16.0:
    resolution: {integrity: sha512-UdAqHyFngu7TfQKsCBgAA6pWDkT8MAO7d0jyOecVhN5354xbLqdn8mV9Tat9gepAupm0bt2DbeaSC8vS52MuFA==}
    dev: false

  /shm-lru-cache/0.0.7:
    resolution: {integrity: sha512-QMEC03NSUTir9QeSDLa00JlIyeIYt1nyYG1aAEaHzEtpvtzakAqZs2jwfP1ZqgnSzOMB7CO31WTy5TAI3N8Fiw==}
    dependencies:
      ftok: 1.0.0
      shm-typed-lru: 0.1.0
      xxhash-addon: 1.5.0
    dev: false

  /shm-typed-lru/0.1.0:
    resolution: {integrity: sha512-dgBVT4QV/xoq0tAhg68ydOXjLfqITeUca65xdGAmpm3LmPwmJ1SoLkT88U78C8Z/EddwTUYH0dxsgdQdUVvfqA==}
    engines: {node: '>=4.0.0'}
    os: ['!win32']
    requiresBuild: true
    dependencies:
      nan: 2.16.0
    dev: false

  /xxhash-addon/1.5.0:
    resolution: {integrity: sha512-ZkfBZMrrpbyT8/uw7x+2voPBXO2oczajlGo11+OOO1YqGbk6DuF7erwirCUPvydN17lEjilu3VGDWWG4+fV45Q==}
    engines: {node: '>=8.6.0 <9.0.0 || >=10.0.0'}
    requiresBuild: true
    dev: false
