lockfileVersion: 5.4

specifiers:
  ftok: ^1.0.0
  message-relay-services: ^0.6.8
  shm-lru-cache: ^0.1.3

dependencies:
  ftok: 1.0.0
  message-relay-services: 0.6.8
  shm-lru-cache: 0.1.3

packages:

  /ftok/1.0.0:
    resolution: {integrity: sha512-hxrvQ3AZHbRy9VF0bp6968Ajuj5IoR4rxOVz18X79Gl2lvM4TIsDCGorvkmok3L3016DfvX4Oj50raQdXRuO/A==}
    dev: false

  /message-relay-services/0.6.8:
    resolution: {integrity: sha512-ECqSJqW1GMBQrNZD+kNB1SG3y+G1gZzMSdB9N7Ehh8b7j2zm8fhVKRTd9FgxFFgrVuvLYEIEc8M7DVd1qFdbdw==}
    dev: false

  /nan/2.16.0:
    resolution: {integrity: sha512-UdAqHyFngu7TfQKsCBgAA6pWDkT8MAO7d0jyOecVhN5354xbLqdn8mV9Tat9gepAupm0bt2DbeaSC8vS52MuFA==}
    dev: false

  /shm-lru-cache/0.1.3:
    resolution: {integrity: sha512-t+Tb3/XP3Z/NN+OpENKtl2dhI0jcFw1ZOEY7vlN4yQtBxDdecpb5oWA/OsO8RhON08t0Fh9k8dBd8h/KZB7+Vw==}
    dependencies:
      ftok: 1.0.0
      shm-typed-lru: 0.1.7
      xxhash-addon: 1.5.0
    dev: false

  /shm-typed-lru/0.1.7:
    resolution: {integrity: sha512-nLcSwbpK8oKazt49No+ystChcj3sL9B3PrOZwnMDC3ujrogx5k1Bj2exhwrLYClXgvMjc9J8pXSugs5076OZgw==}
    engines: {node: '>=4.0.0'}
    os: ['!win32']
    requiresBuild: true
    dependencies:
      nan: 2.16.0
    dev: false

  /xxhash-addon/1.5.0:
    resolution: {integrity: sha512-ZkfBZMrrpbyT8/uw7x+2voPBXO2oczajlGo11+OOO1YqGbk6DuF7erwirCUPvydN17lEjilu3VGDWWG4+fV45Q==}
    engines: {node: '>=8.6.0 <9.0.0 || >=10.0.0'}
    requiresBuild: true
    dev: false
